
Microsoft Visual Studio Solution File, Format Version 12.00
# Visual Studio Version 16
VisualStudioVersion = 16.0.31729.503
MinimumVisualStudioVersion = 10.0.40219.1
Project("{FAE04EC0-301F-11D3-BF4B-00C04F79EFBC}") = "MCD_Encapsulation", "MCD_Encapsulation\MCD_Encapsulation.csproj", "{89529208-8059-4471-832D-A6BAF5DA5299}"
EndProject
Global
	GlobalSection(SolutionConfigurationPlatforms) = preSolution
		Debug|Any CPU = Debug|Any CPU
		Release|Any CPU = Release|Any CPU
	EndGlobalSection
	GlobalSection(ProjectConfigurationPlatforms) = postSolution
		{89529208-8059-4471-832D-A6BAF5DA5299}.Debug|Any CPU.ActiveCfg = Debug|Any CPU
		{89529208-8059-4471-832D-A6BAF5DA5299}.Debug|Any CPU.Build.0 = Debug|Any CPU
		{89529208-8059-4471-832D-A6BAF5DA5299}.Release|Any CPU.ActiveCfg = Release|Any CPU
		{89529208-8059-4471-832D-A6BAF5DA5299}.Release|Any CPU.Build.0 = Release|Any CPU
	EndGlobalSection
	GlobalSection(SolutionProperties) = preSolution
		HideSolutionNode = FALSE
	EndGlobalSection
	GlobalSection(ExtensibilityGlobals) = postSolution
		SolutionGuid = {36ECB5EB-183A-4636-93B6-0EAF5F1418B8}
	EndGlobalSection
EndGlobal
